
Microsoft Visual Studio Solution File, Format Version 12.00
# Visual Studio Version 17
VisualStudioVersion = 17.14.36310.24
MinimumVisualStudioVersion = 10.0.40219.1
Project("{54A90642-561A-4BB1-A94E-469ADEE60C69}") = "attendancemanagement.client", "attendancemanagement.client\attendancemanagement.client.esproj", "{A81E9BCB-ACD0-8B9A-11FC-A5DB5C611928}"
EndProject
Project("{FAE04EC0-301F-11D3-BF4B-00C04F79EFBC}") = "AttendanceManagement.Server", "AttendanceManagement.Server\AttendanceManagement.Server.csproj", "{9D4D6828-0B64-46DB-9CCA-A7E05CE8284D}"
EndProject
Project("{2150E333-8FDC-42A3-9474-1A3956D46DE8}") = "Common", "Common", "{DDB4EF12-CC4E-5E88-E6FC-71A802F4DE97}"
EndProject
Project("{2150E333-8FDC-42A3-9474-1A3956D46DE8}") = "Logic", "Logic", "{81CFA905-D3E4-42C1-AFB5-4FFEA52370EA}"
EndProject
Project("{2150E333-8FDC-42A3-9474-1A3956D46DE8}") = "WebApiService", "WebApiService", "{95583ED9-1B02-40D1-BADC-1A1588A5EA5C}"
EndProject
Project("{FAE04EC0-301F-11D3-BF4B-00C04F79EFBC}") = "WebApiService.Common.Const", "WebAPIService\Common\WebApiService.Common.Const.csproj", "{DB4CD544-7D4D-D0DF-729D-78B92EB6219E}"
EndProject
Project("{FAE04EC0-301F-11D3-BF4B-00C04F79EFBC}") = "WebApiService.Logic", "WebAPIService\Logic\WebApiService.Logic.csproj", "{37EC7AC0-D71C-2B32-CB4E-AA4165170331}"
EndProject
Project("{2150E333-8FDC-42A3-9474-1A3956D46DE8}") = "Resource", "Resource", "{B15AF665-8E82-4683-8569-49DF021F51CA}"
EndProject
Project("{FAE04EC0-301F-11D3-BF4B-00C04F79EFBC}") = "WebApiService.Resource", "WebAPIService\Resource\WebApiService.Resource.csproj", "{63B630F2-6572-5CA0-31B2-4E64679D1089}"
EndProject
Project("{2150E333-8FDC-42A3-9474-1A3956D46DE8}") = "Database", "Database", "{A4FBA4F2-8302-42A0-B524-54E5C62AB2D8}"
EndProject
Project("{2150E333-8FDC-42A3-9474-1A3956D46DE8}") = "DbContexts", "DbContexts", "{6CA128BB-A0F2-4F7A-B213-CBFCC57F11E5}"
EndProject
Project("{2150E333-8FDC-42A3-9474-1A3956D46DE8}") = "Entities", "Entities", "{FDF022E0-F259-415B-911A-D65F89AB88B0}"
EndProject
Project("{2150E333-8FDC-42A3-9474-1A3956D46DE8}") = "Library", "Library", "{66D7F9E2-B10A-4C06-B28A-21B386CECBF8}"
EndProject
Project("{FAE04EC0-301F-11D3-BF4B-00C04F79EFBC}") = "Library", "Library\Library.csproj", "{4B01C25A-40EA-4119-B9DC-54328B51CBA1}"
EndProject
Project("{2150E333-8FDC-42A3-9474-1A3956D46DE8}") = "Accessor", "Accessor", "{832900E2-9015-4B9D-83C7-1CD0F629058D}"
EndProject
Project("{FAE04EC0-301F-11D3-BF4B-00C04F79EFBC}") = "Data.DbContexts", "Database\DbContexts\Data.DbContexts.csproj", "{D6F78AE5-02B6-F5CF-7B84-D344984B11F1}"
EndProject
Project("{FAE04EC0-301F-11D3-BF4B-00C04F79EFBC}") = "Data.Entities", "Database\Entities\Data.Entities.csproj", "{8381B2B0-01EF-6574-E1CF-EC643DBA8DF0}"
EndProject
Project("{FAE04EC0-301F-11D3-BF4B-00C04F79EFBC}") = "Data.Accessor", "Database\Accessor\Data.Accessor.csproj", "{FE760799-17B1-6AED-66A1-9A202401D271}"
EndProject
Project("{2150E333-8FDC-42A3-9474-1A3956D46DE8}") = "Common", "Common", "{88A9190A-7DAA-42EE-AEFA-788A1FAAC14E}"
EndProject
Project("{FAE04EC0-301F-11D3-BF4B-00C04F79EFBC}") = "Common.Const", "Common\Const\Common.Const.csproj", "{0F4BA350-DABB-F0B8-2763-666798B012D0}"
EndProject
Global
	GlobalSection(SolutionConfigurationPlatforms) = preSolution
		Debug|Any CPU = Debug|Any CPU
		Release|Any CPU = Release|Any CPU
	EndGlobalSection
	GlobalSection(ProjectConfigurationPlatforms) = postSolution
		{A81E9BCB-ACD0-8B9A-11FC-A5DB5C611928}.Debug|Any CPU.ActiveCfg = Debug|Any CPU
		{A81E9BCB-ACD0-8B9A-11FC-A5DB5C611928}.Debug|Any CPU.Build.0 = Debug|Any CPU
		{A81E9BCB-ACD0-8B9A-11FC-A5DB5C611928}.Debug|Any CPU.Deploy.0 = Debug|Any CPU
		{A81E9BCB-ACD0-8B9A-11FC-A5DB5C611928}.Release|Any CPU.ActiveCfg = Release|Any CPU
		{A81E9BCB-ACD0-8B9A-11FC-A5DB5C611928}.Release|Any CPU.Build.0 = Release|Any CPU
		{A81E9BCB-ACD0-8B9A-11FC-A5DB5C611928}.Release|Any CPU.Deploy.0 = Release|Any CPU
		{9D4D6828-0B64-46DB-9CCA-A7E05CE8284D}.Debug|Any CPU.ActiveCfg = Debug|Any CPU
		{9D4D6828-0B64-46DB-9CCA-A7E05CE8284D}.Debug|Any CPU.Build.0 = Debug|Any CPU
		{9D4D6828-0B64-46DB-9CCA-A7E05CE8284D}.Release|Any CPU.ActiveCfg = Release|Any CPU
		{9D4D6828-0B64-46DB-9CCA-A7E05CE8284D}.Release|Any CPU.Build.0 = Release|Any CPU
		{DB4CD544-7D4D-D0DF-729D-78B92EB6219E}.Debug|Any CPU.ActiveCfg = Debug|Any CPU
		{DB4CD544-7D4D-D0DF-729D-78B92EB6219E}.Debug|Any CPU.Build.0 = Debug|Any CPU
		{DB4CD544-7D4D-D0DF-729D-78B92EB6219E}.Release|Any CPU.ActiveCfg = Release|Any CPU
		{DB4CD544-7D4D-D0DF-729D-78B92EB6219E}.Release|Any CPU.Build.0 = Release|Any CPU
		{37EC7AC0-D71C-2B32-CB4E-AA4165170331}.Debug|Any CPU.ActiveCfg = Debug|Any CPU
		{37EC7AC0-D71C-2B32-CB4E-AA4165170331}.Debug|Any CPU.Build.0 = Debug|Any CPU
		{37EC7AC0-D71C-2B32-CB4E-AA4165170331}.Release|Any CPU.ActiveCfg = Release|Any CPU
		{37EC7AC0-D71C-2B32-CB4E-AA4165170331}.Release|Any CPU.Build.0 = Release|Any CPU
		{63B630F2-6572-5CA0-31B2-4E64679D1089}.Debug|Any CPU.ActiveCfg = Debug|Any CPU
		{63B630F2-6572-5CA0-31B2-4E64679D1089}.Debug|Any CPU.Build.0 = Debug|Any CPU
		{63B630F2-6572-5CA0-31B2-4E64679D1089}.Release|Any CPU.ActiveCfg = Release|Any CPU
		{63B630F2-6572-5CA0-31B2-4E64679D1089}.Release|Any CPU.Build.0 = Release|Any CPU
		{4B01C25A-40EA-4119-B9DC-54328B51CBA1}.Debug|Any CPU.ActiveCfg = Debug|Any CPU
		{4B01C25A-40EA-4119-B9DC-54328B51CBA1}.Debug|Any CPU.Build.0 = Debug|Any CPU
		{4B01C25A-40EA-4119-B9DC-54328B51CBA1}.Release|Any CPU.ActiveCfg = Release|Any CPU
		{4B01C25A-40EA-4119-B9DC-54328B51CBA1}.Release|Any CPU.Build.0 = Release|Any CPU
		{D6F78AE5-02B6-F5CF-7B84-D344984B11F1}.Debug|Any CPU.ActiveCfg = Debug|Any CPU
		{D6F78AE5-02B6-F5CF-7B84-D344984B11F1}.Debug|Any CPU.Build.0 = Debug|Any CPU
		{D6F78AE5-02B6-F5CF-7B84-D344984B11F1}.Release|Any CPU.ActiveCfg = Release|Any CPU
		{D6F78AE5-02B6-F5CF-7B84-D344984B11F1}.Release|Any CPU.Build.0 = Release|Any CPU
		{8381B2B0-01EF-6574-E1CF-EC643DBA8DF0}.Debug|Any CPU.ActiveCfg = Debug|Any CPU
		{8381B2B0-01EF-6574-E1CF-EC643DBA8DF0}.Debug|Any CPU.Build.0 = Debug|Any CPU
		{8381B2B0-01EF-6574-E1CF-EC643DBA8DF0}.Release|Any CPU.ActiveCfg = Release|Any CPU
		{8381B2B0-01EF-6574-E1CF-EC643DBA8DF0}.Release|Any CPU.Build.0 = Release|Any CPU
		{FE760799-17B1-6AED-66A1-9A202401D271}.Debug|Any CPU.ActiveCfg = Debug|Any CPU
		{FE760799-17B1-6AED-66A1-9A202401D271}.Debug|Any CPU.Build.0 = Debug|Any CPU
		{FE760799-17B1-6AED-66A1-9A202401D271}.Release|Any CPU.ActiveCfg = Release|Any CPU
		{FE760799-17B1-6AED-66A1-9A202401D271}.Release|Any CPU.Build.0 = Release|Any CPU
		{0F4BA350-DABB-F0B8-2763-666798B012D0}.Debug|Any CPU.ActiveCfg = Debug|Any CPU
		{0F4BA350-DABB-F0B8-2763-666798B012D0}.Debug|Any CPU.Build.0 = Debug|Any CPU
		{0F4BA350-DABB-F0B8-2763-666798B012D0}.Release|Any CPU.ActiveCfg = Release|Any CPU
		{0F4BA350-DABB-F0B8-2763-666798B012D0}.Release|Any CPU.Build.0 = Release|Any CPU
	EndGlobalSection
	GlobalSection(SolutionProperties) = preSolution
		HideSolutionNode = FALSE
	EndGlobalSection
	GlobalSection(NestedProjects) = preSolution
		{DDB4EF12-CC4E-5E88-E6FC-71A802F4DE97} = {95583ED9-1B02-40D1-BADC-1A1588A5EA5C}
		{81CFA905-D3E4-42C1-AFB5-4FFEA52370EA} = {95583ED9-1B02-40D1-BADC-1A1588A5EA5C}
		{DB4CD544-7D4D-D0DF-729D-78B92EB6219E} = {DDB4EF12-CC4E-5E88-E6FC-71A802F4DE97}
		{37EC7AC0-D71C-2B32-CB4E-AA4165170331} = {81CFA905-D3E4-42C1-AFB5-4FFEA52370EA}
		{B15AF665-8E82-4683-8569-49DF021F51CA} = {95583ED9-1B02-40D1-BADC-1A1588A5EA5C}
		{63B630F2-6572-5CA0-31B2-4E64679D1089} = {B15AF665-8E82-4683-8569-49DF021F51CA}
		{6CA128BB-A0F2-4F7A-B213-CBFCC57F11E5} = {A4FBA4F2-8302-42A0-B524-54E5C62AB2D8}
		{FDF022E0-F259-415B-911A-D65F89AB88B0} = {A4FBA4F2-8302-42A0-B524-54E5C62AB2D8}
		{4B01C25A-40EA-4119-B9DC-54328B51CBA1} = {66D7F9E2-B10A-4C06-B28A-21B386CECBF8}
		{832900E2-9015-4B9D-83C7-1CD0F629058D} = {A4FBA4F2-8302-42A0-B524-54E5C62AB2D8}
		{D6F78AE5-02B6-F5CF-7B84-D344984B11F1} = {6CA128BB-A0F2-4F7A-B213-CBFCC57F11E5}
		{8381B2B0-01EF-6574-E1CF-EC643DBA8DF0} = {FDF022E0-F259-415B-911A-D65F89AB88B0}
		{FE760799-17B1-6AED-66A1-9A202401D271} = {832900E2-9015-4B9D-83C7-1CD0F629058D}
		{0F4BA350-DABB-F0B8-2763-666798B012D0} = {88A9190A-7DAA-42EE-AEFA-788A1FAAC14E}
	EndGlobalSection
	GlobalSection(ExtensibilityGlobals) = postSolution
		SolutionGuid = {BFBE51FC-134E-454A-A216-9701A39BA3B7}
	EndGlobalSection
EndGlobal
